// !$*UTF8*$!
{
	archiveVersion = 1;
	classes = {
	};
	objectVersion = 48;
	objects = {

/* Begin PBXBuildFile section */
		E4532B072040386C0038E9B3 /* AppDelegate.m in Sources */ = {isa = PBXBuildFile; fileRef = E4532B062040386C0038E9B3 /* AppDelegate.m */; };
		E4532B0A2040386C0038E9B3 /* ViewController.m in Sources */ = {isa = PBXBuildFile; fileRef = E4532B092040386C0038E9B3 /* ViewController.m */; };
		E4532B0D2040386C0038E9B3 /* Main.storyboard in Resources */ = {isa = PBXBuildFile; fileRef = E4532B0B2040386C0038E9B3 /* Main.storyboard */; };
		E4532B0F2040386C0038E9B3 /* Assets.xcassets in Resources */ = {isa = PBXBuildFile; fileRef = E4532B0E2040386C0038E9B3 /* Assets.xcassets */; };
		E4532B122040386C0038E9B3 /* LaunchScreen.storyboard in Resources */ = {isa = PBXBuildFile; fileRef = E4532B102040386C0038E9B3 /* LaunchScreen.storyboard */; };
		E4532B152040386C0038E9B3 /* main.m in Sources */ = {isa = PBXBuildFile; fileRef = E4532B142040386C0038E9B3 /* main.m */; };
		E4532B1F2040386C0038E9B3 /* myCategoryTests.m in Sources */ = {isa = PBXBuildFile; fileRef = E4532B1E2040386C0038E9B3 /* myCategoryTests.m */; };
		E4532B2A2040386C0038E9B3 /* myCategoryUITests.m in Sources */ = {isa = PBXBuildFile; fileRef = E4532B292040386C0038E9B3 /* myCategoryUITests.m */; };
		E4532B3C204038B00038E9B3 /* UIButton+SYAdd.m in Sources */ = {isa = PBXBuildFile; fileRef = E4532B3B204038B00038E9B3 /* UIButton+SYAdd.m */; };
		E4532B3F204038BE0038E9B3 /* UIAlertController+SYAdd.m in Sources */ = {isa = PBXBuildFile; fileRef = E4532B3E204038BE0038E9B3 /* UIAlertController+SYAdd.m */; };
/* End PBXBuildFile section */

/* Begin PBXContainerItemProxy section */
		E4532B1B2040386C0038E9B3 /* PBXContainerItemProxy */ = {
			isa = PBXContainerItemProxy;
			containerPortal = E4532AFA2040386C0038E9B3 /* Project object */;
			proxyType = 1;
			remoteGlobalIDString = E4532B012040386C0038E9B3;
			remoteInfo = myCategory;
		};
		E4532B262040386C0038E9B3 /* PBXContainerItemProxy */ = {
			isa = PBXContainerItemProxy;
			containerPortal = E4532AFA2040386C0038E9B3 /* Project object */;
			proxyType = 1;
			remoteGlobalIDString = E4532B012040386C0038E9B3;
			remoteInfo = myCategory;
		};
/* End PBXContainerItemProxy section */

/* Begin PBXFileReference section */
		E4532B022040386C0038E9B3 /* myCategory.app */ = {isa = PBXFileReference; explicitFileType = wrapper.application; includeInIndex = 0; path = myCategory.app; sourceTree = BUILT_PRODUCTS_DIR; };
		E4532B052040386C0038E9B3 /* AppDelegate.h */ = {isa = PBXFileReference; lastKnownFileType = sourcecode.c.h; path = AppDelegate.h; sourceTree = "<group>"; };
		E4532B062040386C0038E9B3 /* AppDelegate.m */ = {isa = PBXFileReference; lastKnownFileType = sourcecode.c.objc; path = AppDelegate.m; sourceTree = "<group>"; };
		E4532B082040386C0038E9B3 /* ViewController.h */ = {isa = PBXFileReference; lastKnownFileType = sourcecode.c.h; path = ViewController.h; sourceTree = "<group>"; };
		E4532B092040386C0038E9B3 /* ViewController.m */ = {isa = PBXFileReference; lastKnownFileType = sourcecode.c.objc; path = ViewController.m; sourceTree = "<group>"; };
		E4532B0C2040386C0038E9B3 /* Base */ = {isa = PBXFileReference; lastKnownFileType = file.storyboard; name = Base; path = Base.lproj/Main.storyboard; sourceTree = "<group>"; };
		E4532B0E2040386C0038E9B3 /* Assets.xcassets */ = {isa = PBXFileReference; lastKnownFileType = folder.assetcatalog; path = Assets.xcassets; sourceTree = "<group>"; };
		E4532B112040386C0038E9B3 /* Base */ = {isa = PBXFileReference; lastKnownFileType = file.storyboard; name = Base; path = Base.lproj/LaunchScreen.storyboard; sourceTree = "<group>"; };
		E4532B132040386C0038E9B3 /* Info.plist */ = {isa = PBXFileReference; lastKnownFileType = text.plist.xml; path = Info.plist; sourceTree = "<group>"; };
		E4532B142040386C0038E9B3 /* main.m */ = {isa = PBXFileReference; lastKnownFileType = sourcecode.c.objc; path = main.m; sourceTree = "<group>"; };
		E4532B1A2040386C0038E9B3 /* myCategoryTests.xctest */ = {isa = PBXFileReference; explicitFileType = wrapper.cfbundle; includeInIndex = 0; path = myCategoryTests.xctest; sourceTree = BUILT_PRODUCTS_DIR; };
		E4532B1E2040386C0038E9B3 /* myCategoryTests.m */ = {isa = PBXFileReference; lastKnownFileType = sourcecode.c.objc; path = myCategoryTests.m; sourceTree = "<group>"; };
		E4532B202040386C0038E9B3 /* Info.plist */ = {isa = PBXFileReference; lastKnownFileType = text.plist.xml; path = Info.plist; sourceTree = "<group>"; };
		E4532B252040386C0038E9B3 /* myCategoryUITests.xctest */ = {isa = PBXFileReference; explicitFileType = wrapper.cfbundle; includeInIndex = 0; path = myCategoryUITests.xctest; sourceTree = BUILT_PRODUCTS_DIR; };
		E4532B292040386C0038E9B3 /* myCategoryUITests.m */ = {isa = PBXFileReference; lastKnownFileType = sourcecode.c.objc; path = myCategoryUITests.m; sourceTree = "<group>"; };
		E4532B2B2040386D0038E9B3 /* Info.plist */ = {isa = PBXFileReference; lastKnownFileType = text.plist.xml; path = Info.plist; sourceTree = "<group>"; };
		E4532B3A204038B00038E9B3 /* UIButton+SYAdd.h */ = {isa = PBXFileReference; lastKnownFileType = sourcecode.c.h; path = "UIButton+SYAdd.h"; sourceTree = "<group>"; };
		E4532B3B204038B00038E9B3 /* UIButton+SYAdd.m */ = {isa = PBXFileReference; lastKnownFileType = sourcecode.c.objc; path = "UIButton+SYAdd.m"; sourceTree = "<group>"; };
		E4532B3D204038BE0038E9B3 /* UIAlertController+SYAdd.h */ = {isa = PBXFileReference; lastKnownFileType = sourcecode.c.h; path = "UIAlertController+SYAdd.h"; sourceTree = "<group>"; };
		E4532B3E204038BE0038E9B3 /* UIAlertController+SYAdd.m */ = {isa = PBXFileReference; lastKnownFileType = sourcecode.c.objc; path = "UIAlertController+SYAdd.m"; sourceTree = "<group>"; };
/* End PBXFileReference section */

/* Begin PBXFrameworksBuildPhase section */
		E4532AFF2040386C0038E9B3 /* Frameworks */ = {
			isa = PBXFrameworksBuildPhase;
			buildActionMask = 2147483647;
			files = (
			);
			runOnlyForDeploymentPostprocessing = 0;
		};
		E4532B172040386C0038E9B3 /* Frameworks */ = {
			isa = PBXFrameworksBuildPhase;
			buildActionMask = 2147483647;
			files = (
			);
			runOnlyForDeploymentPostprocessing = 0;
		};
		E4532B222040386C0038E9B3 /* Frameworks */ = {
			isa = PBXFrameworksBuildPhase;
			buildActionMask = 2147483647;
			files = (
			);
			runOnlyForDeploymentPostprocessing = 0;
		};
/* End PBXFrameworksBuildPhase section */

/* Begin PBXGroup section */
		E4532AF92040386C0038E9B3 = {
			isa = PBXGroup;
			children = (
				E4532B042040386C0038E9B3 /* myCategory */,
				E4532B1D2040386C0038E9B3 /* myCategoryTests */,
				E4532B282040386C0038E9B3 /* myCategoryUITests */,
				E4532B032040386C0038E9B3 /* Products */,
			);
			sourceTree = "<group>";
		};
		E4532B032040386C0038E9B3 /* Products */ = {
			isa = PBXGroup;
			children = (
				E4532B022040386C0038E9B3 /* myCategory.app */,
				E4532B1A2040386C0038E9B3 /* myCategoryTests.xctest */,
				E4532B252040386C0038E9B3 /* myCategoryUITests.xctest */,
			);
			name = Products;
			sourceTree = "<group>";
		};
		E4532B042040386C0038E9B3 /* myCategory */ = {
			isa = PBXGroup;
			children = (
				E4532B39204038990038E9B3 /* Category */,
				E4532B052040386C0038E9B3 /* AppDelegate.h */,
				E4532B062040386C0038E9B3 /* AppDelegate.m */,
				E4532B082040386C0038E9B3 /* ViewController.h */,
				E4532B092040386C0038E9B3 /* ViewController.m */,
				E4532B0B2040386C0038E9B3 /* Main.storyboard */,
				E4532B0E2040386C0038E9B3 /* Assets.xcassets */,
				E4532B102040386C0038E9B3 /* LaunchScreen.storyboard */,
				E4532B132040386C0038E9B3 /* Info.plist */,
				E4532B142040386C0038E9B3 /* main.m */,
			);
			path = myCategory;
			sourceTree = "<group>";
		};
		E4532B1D2040386C0038E9B3 /* myCategoryTests */ = {
			isa = PBXGroup;
			children = (
				E4532B1E2040386C0038E9B3 /* myCategoryTests.m */,
				E4532B202040386C0038E9B3 /* Info.plist */,
			);
			path = myCategoryTests;
			sourceTree = "<group>";
		};
		E4532B282040386C0038E9B3 /* myCategoryUITests */ = {
			isa = PBXGroup;
			children = (
				E4532B292040386C0038E9B3 /* myCategoryUITests.m */,
				E4532B2B2040386D0038E9B3 /* Info.plist */,
			);
			path = myCategoryUITests;
			sourceTree = "<group>";
		};
		E4532B39204038990038E9B3 /* Category */ = {
			isa = PBXGroup;
			children = (
				E4532B3A204038B00038E9B3 /* UIButton+SYAdd.h */,
				E4532B3B204038B00038E9B3 /* UIButton+SYAdd.m */,
				E4532B3D204038BE0038E9B3 /* UIAlertController+SYAdd.h */,
				E4532B3E204038BE0038E9B3 /* UIAlertController+SYAdd.m */,
			);
			path = Category;
			sourceTree = "<group>";
		};
/* End PBXGroup section */

/* Begin PBXNativeTarget section */
		E4532B012040386C0038E9B3 /* myCategory */ = {
			isa = PBXNativeTarget;
			buildConfigurationList = E4532B2E2040386D0038E9B3 /* Build configuration list for PBXNativeTarget "myCategory" */;
			buildPhases = (
				E4532AFE2040386C0038E9B3 /* Sources */,
				E4532AFF2040386C0038E9B3 /* Frameworks */,
				E4532B002040386C0038E9B3 /* Resources */,
			);
			buildRules = (
			);
			dependencies = (
			);
			name = myCategory;
			productName = myCategory;
			productReference = E4532B022040386C0038E9B3 /* myCategory.app */;
			productType = "com.apple.product-type.application";
		};
		E4532B192040386C0038E9B3 /* myCategoryTests */ = {
			isa = PBXNativeTarget;
			buildConfigurationList = E4532B312040386D0038E9B3 /* Build configuration list for PBXNativeTarget "myCategoryTests" */;
			buildPhases = (
				E4532B162040386C0038E9B3 /* Sources */,
				E4532B172040386C0038E9B3 /* Frameworks */,
				E4532B182040386C0038E9B3 /* Resources */,
			);
			buildRules = (
			);
			dependencies = (
				E4532B1C2040386C0038E9B3 /* PBXTargetDependency */,
			);
			name = myCategoryTests;
			productName = myCategoryTests;
			productReference = E4532B1A2040386C0038E9B3 /* myCategoryTests.xctest */;
			productType = "com.apple.product-type.bundle.unit-test";
		};
		E4532B242040386C0038E9B3 /* myCategoryUITests */ = {
			isa = PBXNativeTarget;
			buildConfigurationList = E4532B342040386D0038E9B3 /* Build configuration list for PBXNativeTarget "myCategoryUITests" */;
			buildPhases = (
				E4532B212040386C0038E9B3 /* Sources */,
				E4532B222040386C0038E9B3 /* Frameworks */,
				E4532B232040386C0038E9B3 /* Resources */,
			);
			buildRules = (
			);
			dependencies = (
				E4532B272040386C0038E9B3 /* PBXTargetDependency */,
			);
			name = myCategoryUITests;
			productName = myCategoryUITests;
			productReference = E4532B252040386C0038E9B3 /* myCategoryUITests.xctest */;
			productType = "com.apple.product-type.bundle.ui-testing";
		};
/* End PBXNativeTarget section */

/* Begin PBXProject section */
		E4532AFA2040386C0038E9B3 /* Project object */ = {
			isa = PBXProject;
			attributes = {
				LastUpgradeCheck = 0920;
				ORGANIZATIONNAME = song;
				TargetAttributes = {
					E4532B012040386C0038E9B3 = {
						CreatedOnToolsVersion = 9.2;
						ProvisioningStyle = Automatic;
					};
					E4532B192040386C0038E9B3 = {
						CreatedOnToolsVersion = 9.2;
						ProvisioningStyle = Automatic;
						TestTargetID = E4532B012040386C0038E9B3;
					};
					E4532B242040386C0038E9B3 = {
						CreatedOnToolsVersion = 9.2;
						ProvisioningStyle = Automatic;
						TestTargetID = E4532B012040386C0038E9B3;
					};
				};
			};
			buildConfigurationList = E4532AFD2040386C0038E9B3 /* Build configuration list for PBXProject "myCategory" */;
			compatibilityVersion = "Xcode 8.0";
			developmentRegion = en;
			hasScannedForEncodings = 0;
			knownRegions = (
				en,
				Base,
			);
			mainGroup = E4532AF92040386C0038E9B3;
			productRefGroup = E4532B032040386C0038E9B3 /* Products */;
			projectDirPath = "";
			projectRoot = "";
			targets = (
				E4532B012040386C0038E9B3 /* myCategory */,
				E4532B192040386C0038E9B3 /* myCategoryTests */,
				E4532B242040386C0038E9B3 /* myCategoryUITests */,
			);
		};
/* End PBXProject section */

/* Begin PBXResourcesBuildPhase section */
		E4532B002040386C0038E9B3 /* Resources */ = {
			isa = PBXResourcesBuildPhase;
			buildActionMask = 2147483647;
			files = (
				E4532B122040386C0038E9B3 /* LaunchScreen.storyboard in Resources */,
				E4532B0F2040386C0038E9B3 /* Assets.xcassets in Resources */,
				E4532B0D2040386C0038E9B3 /* Main.storyboard in Resources */,
			);
			runOnlyForDeploymentPostprocessing = 0;
		};
		E4532B182040386C0038E9B3 /* Resources */ = {
			isa = PBXResourcesBuildPhase;
			buildActionMask = 2147483647;
			files = (
			);
			runOnlyForDeploymentPostprocessing = 0;
		};
		E4532B232040386C0038E9B3 /* Resources */ = {
			isa = PBXResourcesBuildPhase;
			buildActionMask = 2147483647;
			files = (
			);
			runOnlyForDeploymentPostprocessing = 0;
		};
/* End PBXResourcesBuildPhase section */

/* Begin PBXSourcesBuildPhase section */
		E4532AFE2040386C0038E9B3 /* Sources */ = {
			isa = PBXSourcesBuildPhase;
			buildActionMask = 2147483647;
			files = (
				E4532B3F204038BE0038E9B3 /* UIAlertController+SYAdd.m in Sources */,
				E4532B0A2040386C0038E9B3 /* ViewController.m in Sources */,
				E4532B3C204038B00038E9B3 /* UIButton+SYAdd.m in Sources */,
				E4532B152040386C0038E9B3 /* main.m in Sources */,
				E4532B072040386C0038E9B3 /* AppDelegate.m in Sources */,
			);
			runOnlyForDeploymentPostprocessing = 0;
		};
		E4532B162040386C0038E9B3 /* Sources */ = {
			isa = PBXSourcesBuildPhase;
			buildActionMask = 2147483647;
			files = (
				E4532B1F2040386C0038E9B3 /* myCategoryTests.m in Sources */,
			);
			runOnlyForDeploymentPostprocessing = 0;
		};
		E4532B212040386C0038E9B3 /* Sources */ = {
			isa = PBXSourcesBuildPhase;
			buildActionMask = 2147483647;
			files = (
				E4532B2A2040386C0038E9B3 /* myCategoryUITests.m in Sources */,
			);
			runOnlyForDeploymentPostprocessing = 0;
		};
/* End PBXSourcesBuildPhase section */

/* Begin PBXTargetDependency section */
		E4532B1C2040386C0038E9B3 /* PBXTargetDependency */ = {
			isa = PBXTargetDependency;
			target = E4532B012040386C0038E9B3 /* myCategory */;
			targetProxy = E4532B1B2040386C0038E9B3 /* PBXContainerItemProxy */;
		};
		E4532B272040386C0038E9B3 /* PBXTargetDependency */ = {
			isa = PBXTargetDependency;
			target = E4532B012040386C0038E9B3 /* myCategory */;
			targetProxy = E4532B262040386C0038E9B3 /* PBXContainerItemProxy */;
		};
/* End PBXTargetDependency section */

/* Begin PBXVariantGroup section */
		E4532B0B2040386C0038E9B3 /* Main.storyboard */ = {
			isa = PBXVariantGroup;
			children = (
				E4532B0C2040386C0038E9B3 /* Base */,
			);
			name = Main.storyboard;
			sourceTree = "<group>";
		};
		E4532B102040386C0038E9B3 /* LaunchScreen.storyboard */ = {
			isa = PBXVariantGroup;
			children = (
				E4532B112040386C0038E9B3 /* Base */,
			);
			name = LaunchScreen.storyboard;
			sourceTree = "<group>";
		};
/* End PBXVariantGroup section */

/* Begin XCBuildConfiguration section */
		E4532B2C2040386D0038E9B3 /* Debug */ = {
			isa = XCBuildConfiguration;
			buildSettings = {
				ALWAYS_SEARCH_USER_PATHS = NO;
				CLANG_ANALYZER_NONNULL = YES;
				CLANG_ANALYZER_NUMBER_OBJECT_CONVERSION = YES_AGGRESSIVE;
				CLANG_CXX_LANGUAGE_STANDARD = "gnu++14";
				CLANG_CXX_LIBRARY = "libc++";
				CLANG_ENABLE_MODULES = YES;
				CLANG_ENABLE_OBJC_ARC = YES;
				CLANG_WARN_BLOCK_CAPTURE_AUTORELEASING = YES;
				CLANG_WARN_BOOL_CONVERSION = YES;
				CLANG_WARN_COMMA = YES;
				CLANG_WARN_CONSTANT_CONVERSION = YES;
				CLANG_WARN_DIRECT_OBJC_ISA_USAGE = YES_ERROR;
				CLANG_WARN_DOCUMENTATION_COMMENTS = YES;
				CLANG_WARN_EMPTY_BODY = YES;
				CLANG_WARN_ENUM_CONVERSION = YES;
				CLANG_WARN_INFINITE_RECURSION = YES;
				CLANG_WARN_INT_CONVERSION = YES;
				CLANG_WARN_NON_LITERAL_NULL_CONVERSION = YES;
				CLANG_WARN_OBJC_LITERAL_CONVERSION = YES;
				CLANG_WARN_OBJC_ROOT_CLASS = YES_ERROR;
				CLANG_WARN_RANGE_LOOP_ANALYSIS = YES;
				CLANG_WARN_STRICT_PROTOTYPES = YES;
				CLANG_WARN_SUSPICIOUS_MOVE = YES;
				CLANG_WARN_UNGUARDED_AVAILABILITY = YES_AGGRESSIVE;
				CLANG_WARN_UNREACHABLE_CODE = YES;
				CLANG_WARN__DUPLICATE_METHOD_MATCH = YES;
				CODE_SIGN_IDENTITY = "iPhone Developer";
				COPY_PHASE_STRIP = NO;
				DEBUG_INFORMATION_FORMAT = dwarf;
				ENABLE_STRICT_OBJC_MSGSEND = YES;
				ENABLE_TESTABILITY = YES;
				GCC_C_LANGUAGE_STANDARD = gnu11;
				GCC_DYNAMIC_NO_PIC = NO;
				GCC_NO_COMMON_BLOCKS = YES;
				GCC_OPTIMIZATION_LEVEL = 0;
				GCC_PREPROCESSOR_DEFINITIONS = (
					"DEBUG=1",
					"$(inherited)",
				);
				GCC_WARN_64_TO_32_BIT_CONVERSION = YES;
				GCC_WARN_ABOUT_RETURN_TYPE = YES_ERROR;
				GCC_WARN_UNDECLARED_SELECTOR = YES;
				GCC_WARN_UNINITIALIZED_AUTOS = YES_AGGRESSIVE;
				GCC_WARN_UNUSED_FUNCTION = YES;
				GCC_WARN_UNUSED_VARIABLE = YES;
				IPHONEOS_DEPLOYMENT_TARGET = 11.2;
				MTL_ENABLE_DEBUG_INFO = YES;
				ONLY_ACTIVE_ARCH = YES;
				SDKROOT = iphoneos;
			};
			name = Debug;
		};
		E4532B2D2040386D0038E9B3 /* Release */ = {
			isa = XCBuildConfiguration;
			buildSettings = {
				ALWAYS_SEARCH_USER_PATHS = NO;
				CLANG_ANALYZER_NONNULL = YES;
				CLANG_ANALYZER_NUMBER_OBJECT_CONVERSION = YES_AGGRESSIVE;
				CLANG_CXX_LANGUAGE_STANDARD = "gnu++14";
				CLANG_CXX_LIBRARY = "libc++";
				CLANG_ENABLE_MODULES = YES;
				CLANG_ENABLE_OBJC_ARC = YES;
				CLANG_WARN_BLOCK_CAPTURE_AUTORELEASING = YES;
				CLANG_WARN_BOOL_CONVERSION = YES;
				CLANG_WARN_COMMA = YES;
				CLANG_WARN_CONSTANT_CONVERSION = YES;
				CLANG_WARN_DIRECT_OBJC_ISA_USAGE = YES_ERROR;
				CLANG_WARN_DOCUMENTATION_COMMENTS = YES;
				CLANG_WARN_EMPTY_BODY = YES;
				CLANG_WARN_ENUM_CONVERSION = YES;
				CLANG_WARN_INFINITE_RECURSION = YES;
				CLANG_WARN_INT_CONVERSION = YES;
				CLANG_WARN_NON_LITERAL_NULL_CONVERSION = YES;
				CLANG_WARN_OBJC_LITERAL_CONVERSION = YES;
				CLANG_WARN_OBJC_ROOT_CLASS = YES_ERROR;
				CLANG_WARN_RANGE_LOOP_ANALYSIS = YES;
				CLANG_WARN_STRICT_PROTOTYPES = YES;
				CLANG_WARN_SUSPICIOUS_MOVE = YES;
				CLANG_WARN_UNGUARDED_AVAILABILITY = YES_AGGRESSIVE;
				CLANG_WARN_UNREACHABLE_CODE = YES;
				CLANG_WARN__DUPLICATE_METHOD_MATCH = YES;
				CODE_SIGN_IDENTITY = "iPhone Developer";
				COPY_PHASE_STRIP = NO;
				DEBUG_INFORMATION_FORMAT = "dwarf-with-dsym";
				ENABLE_NS_ASSERTIONS = NO;
				ENABLE_STRICT_OBJC_MSGSEND = YES;
				GCC_C_LANGUAGE_STANDARD = gnu11;
				GCC_NO_COMMON_BLOCKS = YES;
				GCC_WARN_64_TO_32_BIT_CONVERSION = YES;
				GCC_WARN_ABOUT_RETURN_TYPE = YES_ERROR;
				GCC_WARN_UNDECLARED_SELECTOR = YES;
				GCC_WARN_UNINITIALIZED_AUTOS = YES_AGGRESSIVE;
				GCC_WARN_UNUSED_FUNCTION = YES;
				GCC_WARN_UNUSED_VARIABLE = YES;
				IPHONEOS_DEPLOYMENT_TARGET = 11.2;
				MTL_ENABLE_DEBUG_INFO = NO;
				SDKROOT = iphoneos;
				VALIDATE_PRODUCT = YES;
			};
			name = Release;
		};
		E4532B2F2040386D0038E9B3 /* Debug */ = {
			isa = XCBuildConfiguration;
			buildSettings = {
				ASSETCATALOG_COMPILER_APPICON_NAME = AppIcon;
				CODE_SIGN_STYLE = Automatic;
				INFOPLIST_FILE = myCategory/Info.plist;
				LD_RUNPATH_SEARCH_PATHS = "$(inherited) @executable_path/Frameworks";
				PRODUCT_BUNDLE_IDENTIFIER = song.myCategory;
				PRODUCT_NAME = "$(TARGET_NAME)";
				TARGETED_DEVICE_FAMILY = "1,2";
			};
			name = Debug;
		};
		E4532B302040386D0038E9B3 /* Release */ = {
			isa = XCBuildConfiguration;
			buildSettings = {
				ASSETCATALOG_COMPILER_APPICON_NAME = AppIcon;
				CODE_SIGN_STYLE = Automatic;
				INFOPLIST_FILE = myCategory/Info.plist;
				LD_RUNPATH_SEARCH_PATHS = "$(inherited) @executable_path/Frameworks";
				PRODUCT_BUNDLE_IDENTIFIER = song.myCategory;
				PRODUCT_NAME = "$(TARGET_NAME)";
				TARGETED_DEVICE_FAMILY = "1,2";
			};
			name = Release;
		};
		E4532B322040386D0038E9B3 /* Debug */ = {
			isa = XCBuildConfiguration;
			buildSettings = {
				BUNDLE_LOADER = "$(TEST_HOST)";
				CODE_SIGN_STYLE = Automatic;
				INFOPLIST_FILE = myCategoryTests/Info.plist;
				LD_RUNPATH_SEARCH_PATHS = "$(inherited) @executable_path/Frameworks @loader_path/Frameworks";
				PRODUCT_BUNDLE_IDENTIFIER = song.myCategoryTests;
				PRODUCT_NAME = "$(TARGET_NAME)";
				TARGETED_DEVICE_FAMILY = "1,2";
				TEST_HOST = "$(BUILT_PRODUCTS_DIR)/myCategory.app/myCategory";
			};
			name = Debug;
		};
		E4532B332040386D0038E9B3 /* Release */ = {
			isa = XCBuildConfiguration;
			buildSettings = {
				BUNDLE_LOADER = "$(TEST_HOST)";
				CODE_SIGN_STYLE = Automatic;
				INFOPLIST_FILE = myCategoryTests/Info.plist;
				LD_RUNPATH_SEARCH_PATHS = "$(inherited) @executable_path/Frameworks @loader_path/Frameworks";
				PRODUCT_BUNDLE_IDENTIFIER = song.myCategoryTests;
				PRODUCT_NAME = "$(TARGET_NAME)";
				TARGETED_DEVICE_FAMILY = "1,2";
				TEST_HOST = "$(BUILT_PRODUCTS_DIR)/myCategory.app/myCategory";
			};
			name = Release;
		};
		E4532B352040386D0038E9B3 /* Debug */ = {
			isa = XCBuildConfiguration;
			buildSettings = {
				CODE_SIGN_STYLE = Automatic;
				INFOPLIST_FILE = myCategoryUITests/Info.plist;
				LD_RUNPATH_SEARCH_PATHS = "$(inherited) @executable_path/Frameworks @loader_path/Frameworks";
				PRODUCT_BUNDLE_IDENTIFIER = song.myCategoryUITests;
				PRODUCT_NAME = "$(TARGET_NAME)";
				TARGETED_DEVICE_FAMILY = "1,2";
				TEST_TARGET_NAME = myCategory;
			};
			name = Debug;
		};
		E4532B362040386D0038E9B3 /* Release */ = {
			isa = XCBuildConfiguration;
			buildSettings = {
				CODE_SIGN_STYLE = Automatic;
				INFOPLIST_FILE = myCategoryUITests/Info.plist;
				LD_RUNPATH_SEARCH_PATHS = "$(inherited) @executable_path/Frameworks @loader_path/Frameworks";
				PRODUCT_BUNDLE_IDENTIFIER = song.myCategoryUITests;
				PRODUCT_NAME = "$(TARGET_NAME)";
				TARGETED_DEVICE_FAMILY = "1,2";
				TEST_TARGET_NAME = myCategory;
			};
			name = Release;
		};
/* End XCBuildConfiguration section */

/* Begin XCConfigurationList section */
		E4532AFD2040386C0038E9B3 /* Build configuration list for PBXProject "myCategory" */ = {
			isa = XCConfigurationList;
			buildConfigurations = (
				E4532B2C2040386D0038E9B3 /* Debug */,
				E4532B2D2040386D0038E9B3 /* Release */,
			);
			defaultConfigurationIsVisible = 0;
			defaultConfigurationName = Release;
		};
		E4532B2E2040386D0038E9B3 /* Build configuration list for PBXNativeTarget "myCategory" */ = {
			isa = XCConfigurationList;
			buildConfigurations = (
				E4532B2F2040386D0038E9B3 /* Debug */,
				E4532B302040386D0038E9B3 /* Release */,
			);
			defaultConfigurationIsVisible = 0;
			defaultConfigurationName = Release;
		};
		E4532B312040386D0038E9B3 /* Build configuration list for PBXNativeTarget "myCategoryTests" */ = {
			isa = XCConfigurationList;
			buildConfigurations = (
				E4532B322040386D0038E9B3 /* Debug */,
				E4532B332040386D0038E9B3 /* Release */,
			);
			defaultConfigurationIsVisible = 0;
			defaultConfigurationName = Release;
		};
		E4532B342040386D0038E9B3 /* Build configuration list for PBXNativeTarget "myCategoryUITests" */ = {
			isa = XCConfigurationList;
			buildConfigurations = (
				E4532B352040386D0038E9B3 /* Debug */,
				E4532B362040386D0038E9B3 /* Release */,
			);
			defaultConfigurationIsVisible = 0;
			defaultConfigurationName = Release;
		};
/* End XCConfigurationList section */
	};
	rootObject = E4532AFA2040386C0038E9B3 /* Project object */;
}
